
Microsoft Visual Studio Solution File, Format Version 12.00
# Visual Studio 14
VisualStudioVersion = 14.0.22823.1
MinimumVisualStudioVersion = 10.0.40219.1
Project("{2150E333-8FDC-42A3-9474-1A3956D46DE8}") = "src", "src", "{4E580F87-846E-47BC-BE13-9B8A88F97D75}"
EndProject
Project("{2150E333-8FDC-42A3-9474-1A3956D46DE8}") = "Solution Items", "Solution Items", "{1A20D0AB-8E5B-4788-BBC0-374BD803C37E}"
	ProjectSection(SolutionItems) = preProject
		global.json = global.json
	EndProjectSection
EndProject
Project("{8BB2217D-0F2D-49D1-97BC-3654ED321F3B}") = "TileCook.FileStore", "src\TileCook.FileStore\TileCook.FileStore.xproj", "{78A977C1-4F27-46B8-809B-2211395ED29E}"
EndProject
Project("{2150E333-8FDC-42A3-9474-1A3956D46DE8}") = "test", "test", "{15EC6DD9-AFCA-4580-80A4-803A84DF82D9}"
EndProject
Project("{8BB2217D-0F2D-49D1-97BC-3654ED321F3B}") = "TileCook.FileStore.Test", "test\TileCook.FileStore.Test\TileCook.FileStore.Test.xproj", "{590AE60F-444D-4C65-9C34-3C63B9A16010}"
EndProject
Global
	GlobalSection(SolutionConfigurationPlatforms) = preSolution
		Debug|Any CPU = Debug|Any CPU
		Release|Any CPU = Release|Any CPU
	EndGlobalSection
	GlobalSection(ProjectConfigurationPlatforms) = postSolution
		{78A977C1-4F27-46B8-809B-2211395ED29E}.Debug|Any CPU.ActiveCfg = Debug|Any CPU
		{78A977C1-4F27-46B8-809B-2211395ED29E}.Debug|Any CPU.Build.0 = Debug|Any CPU
		{78A977C1-4F27-46B8-809B-2211395ED29E}.Release|Any CPU.ActiveCfg = Release|Any CPU
		{78A977C1-4F27-46B8-809B-2211395ED29E}.Release|Any CPU.Build.0 = Release|Any CPU
		{590AE60F-444D-4C65-9C34-3C63B9A16010}.Debug|Any CPU.ActiveCfg = Debug|Any CPU
		{590AE60F-444D-4C65-9C34-3C63B9A16010}.Debug|Any CPU.Build.0 = Debug|Any CPU
		{590AE60F-444D-4C65-9C34-3C63B9A16010}.Release|Any CPU.ActiveCfg = Release|Any CPU
		{590AE60F-444D-4C65-9C34-3C63B9A16010}.Release|Any CPU.Build.0 = Release|Any CPU
	EndGlobalSection
	GlobalSection(SolutionProperties) = preSolution
		HideSolutionNode = FALSE
	EndGlobalSection
	GlobalSection(NestedProjects) = preSolution
		{78A977C1-4F27-46B8-809B-2211395ED29E} = {4E580F87-846E-47BC-BE13-9B8A88F97D75}
		{590AE60F-444D-4C65-9C34-3C63B9A16010} = {15EC6DD9-AFCA-4580-80A4-803A84DF82D9}
	EndGlobalSection
EndGlobal
